
Microsoft Visual Studio Solution File, Format Version 12.00
# Visual Studio 15
VisualStudioVersion = 15.0.28307.168
MinimumVisualStudioVersion = 10.0.40219.1
Project("{FAE04EC0-301F-11D3-BF4B-00C04F79EFBC}") = "Day1", "Day1\Day1.csproj", "{AE288B5D-3BC5-4759-BE87-C59C49F7F7AB}"
EndProject
Global
	GlobalSection(SolutionConfigurationPlatforms) = preSolution
		Debug|Any CPU = Debug|Any CPU
		Release|Any CPU = Release|Any CPU
	EndGlobalSection
	GlobalSection(ProjectConfigurationPlatforms) = postSolution
		{AE288B5D-3BC5-4759-BE87-C59C49F7F7AB}.Debug|Any CPU.ActiveCfg = Debug|Any CPU
		{AE288B5D-3BC5-4759-BE87-C59C49F7F7AB}.Debug|Any CPU.Build.0 = Debug|Any CPU
		{AE288B5D-3BC5-4759-BE87-C59C49F7F7AB}.Release|Any CPU.ActiveCfg = Release|Any CPU
		{AE288B5D-3BC5-4759-BE87-C59C49F7F7AB}.Release|Any CPU.Build.0 = Release|Any CPU
	EndGlobalSection
	GlobalSection(SolutionProperties) = preSolution
		HideSolutionNode = FALSE
	EndGlobalSection
	GlobalSection(ExtensibilityGlobals) = postSolution
		SolutionGuid = {601207DF-5E4C-4072-985C-C40058CF802C}
	EndGlobalSection
EndGlobal
